// !$*UTF8*$!
{
	archiveVersion = 1;
	classes = {
	};
	objectVersion = 55;
	objects = {

/* Begin PBXBuildFile section */
		6599CB3B27F5FA61006C15CF /* AppDelegate.swift in Sources */ = {isa = PBXBuildFile; fileRef = 6599CB3A27F5FA61006C15CF /* AppDelegate.swift */; };
		6599CB3D27F5FA61006C15CF /* SceneDelegate.swift in Sources */ = {isa = PBXBuildFile; fileRef = 6599CB3C27F5FA61006C15CF /* SceneDelegate.swift */; };
		6599CB3F27F5FA61006C15CF /* ViewController.swift in Sources */ = {isa = PBXBuildFile; fileRef = 6599CB3E27F5FA61006C15CF /* ViewController.swift */; };
		6599CB4227F5FA61006C15CF /* Main.storyboard in Resources */ = {isa = PBXBuildFile; fileRef = 6599CB4027F5FA61006C15CF /* Main.storyboard */; };
		6599CB4427F5FA65006C15CF /* Assets.xcassets in Resources */ = {isa = PBXBuildFile; fileRef = 6599CB4327F5FA65006C15CF /* Assets.xcassets */; };
		6599CB4727F5FA65006C15CF /* LaunchScreen.storyboard in Resources */ = {isa = PBXBuildFile; fileRef = 6599CB4527F5FA65006C15CF /* LaunchScreen.storyboard */; };
		6599CB5227F5FA65006C15CF /* CalculatorAppTests.swift in Sources */ = {isa = PBXBuildFile; fileRef = 6599CB5127F5FA65006C15CF /* CalculatorAppTests.swift */; };
		6599CB5C27F5FA65006C15CF /* CalculatorAppUITests.swift in Sources */ = {isa = PBXBuildFile; fileRef = 6599CB5B27F5FA65006C15CF /* CalculatorAppUITests.swift */; };
		6599CB5E27F5FA65006C15CF /* CalculatorAppUITestsLaunchTests.swift in Sources */ = {isa = PBXBuildFile; fileRef = 6599CB5D27F5FA65006C15CF /* CalculatorAppUITestsLaunchTests.swift */; };
/* End PBXBuildFile section */

/* Begin PBXContainerItemProxy section */
		6599CB4E27F5FA65006C15CF /* PBXContainerItemProxy */ = {
			isa = PBXContainerItemProxy;
			containerPortal = 6599CB2F27F5FA61006C15CF /* Project object */;
			proxyType = 1;
			remoteGlobalIDString = 6599CB3627F5FA61006C15CF;
			remoteInfo = CalculatorApp;
		};
		6599CB5827F5FA65006C15CF /* PBXContainerItemProxy */ = {
			isa = PBXContainerItemProxy;
			containerPortal = 6599CB2F27F5FA61006C15CF /* Project object */;
			proxyType = 1;
			remoteGlobalIDString = 6599CB3627F5FA61006C15CF;
			remoteInfo = CalculatorApp;
		};
/* End PBXContainerItemProxy section */

/* Begin PBXFileReference section */
		658B31322804E0110028950E /* MyPlayground.playground */ = {isa = PBXFileReference; lastKnownFileType = file.playground; path = MyPlayground.playground; sourceTree = "<group>"; xcLanguageSpecificationIdentifier = xcode.lang.swift; };
		6599CB3727F5FA61006C15CF /* CalculatorApp.app */ = {isa = PBXFileReference; explicitFileType = wrapper.application; includeInIndex = 0; path = CalculatorApp.app; sourceTree = BUILT_PRODUCTS_DIR; };
		6599CB3A27F5FA61006C15CF /* AppDelegate.swift */ = {isa = PBXFileReference; lastKnownFileType = sourcecode.swift; path = AppDelegate.swift; sourceTree = "<group>"; };
		6599CB3C27F5FA61006C15CF /* SceneDelegate.swift */ = {isa = PBXFileReference; lastKnownFileType = sourcecode.swift; path = SceneDelegate.swift; sourceTree = "<group>"; };
		6599CB3E27F5FA61006C15CF /* ViewController.swift */ = {isa = PBXFileReference; lastKnownFileType = sourcecode.swift; path = ViewController.swift; sourceTree = "<group>"; };
		6599CB4127F5FA61006C15CF /* Base */ = {isa = PBXFileReference; lastKnownFileType = file.storyboard; name = Base; path = Base.lproj/Main.storyboard; sourceTree = "<group>"; };
		6599CB4327F5FA65006C15CF /* Assets.xcassets */ = {isa = PBXFileReference; lastKnownFileType = folder.assetcatalog; path = Assets.xcassets; sourceTree = "<group>"; };
		6599CB4627F5FA65006C15CF /* Base */ = {isa = PBXFileReference; lastKnownFileType = file.storyboard; name = Base; path = Base.lproj/LaunchScreen.storyboard; sourceTree = "<group>"; };
		6599CB4827F5FA65006C15CF /* Info.plist */ = {isa = PBXFileReference; lastKnownFileType = text.plist.xml; path = Info.plist; sourceTree = "<group>"; };
		6599CB4D27F5FA65006C15CF /* CalculatorAppTests.xctest */ = {isa = PBXFileReference; explicitFileType = wrapper.cfbundle; includeInIndex = 0; path = CalculatorAppTests.xctest; sourceTree = BUILT_PRODUCTS_DIR; };
		6599CB5127F5FA65006C15CF /* CalculatorAppTests.swift */ = {isa = PBXFileReference; lastKnownFileType = sourcecode.swift; path = CalculatorAppTests.swift; sourceTree = "<group>"; };
		6599CB5727F5FA65006C15CF /* CalculatorAppUITests.xctest */ = {isa = PBXFileReference; explicitFileType = wrapper.cfbundle; includeInIndex = 0; path = CalculatorAppUITests.xctest; sourceTree = BUILT_PRODUCTS_DIR; };
		6599CB5B27F5FA65006C15CF /* CalculatorAppUITests.swift */ = {isa = PBXFileReference; lastKnownFileType = sourcecode.swift; path = CalculatorAppUITests.swift; sourceTree = "<group>"; };
		6599CB5D27F5FA65006C15CF /* CalculatorAppUITestsLaunchTests.swift */ = {isa = PBXFileReference; lastKnownFileType = sourcecode.swift; path = CalculatorAppUITestsLaunchTests.swift; sourceTree = "<group>"; };
/* End PBXFileReference section */

/* Begin PBXFrameworksBuildPhase section */
		6599CB3427F5FA61006C15CF /* Frameworks */ = {
			isa = PBXFrameworksBuildPhase;
			buildActionMask = 2147483647;
			files = (
			);
			runOnlyForDeploymentPostprocessing = 0;
		};
		6599CB4A27F5FA65006C15CF /* Frameworks */ = {
			isa = PBXFrameworksBuildPhase;
			buildActionMask = 2147483647;
			files = (
			);
			runOnlyForDeploymentPostprocessing = 0;
		};
		6599CB5427F5FA65006C15CF /* Frameworks */ = {
			isa = PBXFrameworksBuildPhase;
			buildActionMask = 2147483647;
			files = (
			);
			runOnlyForDeploymentPostprocessing = 0;
		};
/* End PBXFrameworksBuildPhase section */

/* Begin PBXGroup section */
		6599CB2E27F5FA61006C15CF = {
			isa = PBXGroup;
			children = (
				6599CB3927F5FA61006C15CF /* CalculatorApp */,
				6599CB5027F5FA65006C15CF /* CalculatorAppTests */,
				6599CB5A27F5FA65006C15CF /* CalculatorAppUITests */,
				6599CB3827F5FA61006C15CF /* Products */,
			);
			sourceTree = "<group>";
		};
		6599CB3827F5FA61006C15CF /* Products */ = {
			isa = PBXGroup;
			children = (
				6599CB3727F5FA61006C15CF /* CalculatorApp.app */,
				6599CB4D27F5FA65006C15CF /* CalculatorAppTests.xctest */,
				6599CB5727F5FA65006C15CF /* CalculatorAppUITests.xctest */,
			);
			name = Products;
			sourceTree = "<group>";
		};
		6599CB3927F5FA61006C15CF /* CalculatorApp */ = {
			isa = PBXGroup;
			children = (
				6599CB3A27F5FA61006C15CF /* AppDelegate.swift */,
				6599CB3C27F5FA61006C15CF /* SceneDelegate.swift */,
				6599CB3E27F5FA61006C15CF /* ViewController.swift */,
				658B31322804E0110028950E /* MyPlayground.playground */,
				6599CB4027F5FA61006C15CF /* Main.storyboard */,
				6599CB4327F5FA65006C15CF /* Assets.xcassets */,
				6599CB4527F5FA65006C15CF /* LaunchScreen.storyboard */,
				6599CB4827F5FA65006C15CF /* Info.plist */,
			);
			path = CalculatorApp;
			sourceTree = "<group>";
		};
		6599CB5027F5FA65006C15CF /* CalculatorAppTests */ = {
			isa = PBXGroup;
			children = (
				6599CB5127F5FA65006C15CF /* CalculatorAppTests.swift */,
			);
			path = CalculatorAppTests;
			sourceTree = "<group>";
		};
		6599CB5A27F5FA65006C15CF /* CalculatorAppUITests */ = {
			isa = PBXGroup;
			children = (
				6599CB5B27F5FA65006C15CF /* CalculatorAppUITests.swift */,
				6599CB5D27F5FA65006C15CF /* CalculatorAppUITestsLaunchTests.swift */,
			);
			path = CalculatorAppUITests;
			sourceTree = "<group>";
		};
/* End PBXGroup section */

/* Begin PBXNativeTarget section */
		6599CB3627F5FA61006C15CF /* CalculatorApp */ = {
			isa = PBXNativeTarget;
			buildConfigurationList = 6599CB6127F5FA65006C15CF /* Build configuration list for PBXNativeTarget "CalculatorApp" */;
			buildPhases = (
				6599CB3327F5FA61006C15CF /* Sources */,
				6599CB3427F5FA61006C15CF /* Frameworks */,
				6599CB3527F5FA61006C15CF /* Resources */,
			);
			buildRules = (
			);
			dependencies = (
			);
			name = CalculatorApp;
			productName = CalculatorApp;
			productReference = 6599CB3727F5FA61006C15CF /* CalculatorApp.app */;
			productType = "com.apple.product-type.application";
		};
		6599CB4C27F5FA65006C15CF /* CalculatorAppTests */ = {
			isa = PBXNativeTarget;
			buildConfigurationList = 6599CB6427F5FA65006C15CF /* Build configuration list for PBXNativeTarget "CalculatorAppTests" */;
			buildPhases = (
				6599CB4927F5FA65006C15CF /* Sources */,
				6599CB4A27F5FA65006C15CF /* Frameworks */,
				6599CB4B27F5FA65006C15CF /* Resources */,
			);
			buildRules = (
			);
			dependencies = (
				6599CB4F27F5FA65006C15CF /* PBXTargetDependency */,
			);
			name = CalculatorAppTests;
			productName = CalculatorAppTests;
			productReference = 6599CB4D27F5FA65006C15CF /* CalculatorAppTests.xctest */;
			productType = "com.apple.product-type.bundle.unit-test";
		};
		6599CB5627F5FA65006C15CF /* CalculatorAppUITests */ = {
			isa = PBXNativeTarget;
			buildConfigurationList = 6599CB6727F5FA65006C15CF /* Build configuration list for PBXNativeTarget "CalculatorAppUITests" */;
			buildPhases = (
				6599CB5327F5FA65006C15CF /* Sources */,
				6599CB5427F5FA65006C15CF /* Frameworks */,
				6599CB5527F5FA65006C15CF /* Resources */,
			);
			buildRules = (
			);
			dependencies = (
				6599CB5927F5FA65006C15CF /* PBXTargetDependency */,
			);
			name = CalculatorAppUITests;
			productName = CalculatorAppUITests;
			productReference = 6599CB5727F5FA65006C15CF /* CalculatorAppUITests.xctest */;
			productType = "com.apple.product-type.bundle.ui-testing";
		};
/* End PBXNativeTarget section */

/* Begin PBXProject section */
		6599CB2F27F5FA61006C15CF /* Project object */ = {
			isa = PBXProject;
			attributes = {
				BuildIndependentTargetsInParallel = 1;
				LastSwiftUpdateCheck = 1330;
				LastUpgradeCheck = 1330;
				TargetAttributes = {
					6599CB3627F5FA61006C15CF = {
						CreatedOnToolsVersion = 13.3;
					};
					6599CB4C27F5FA65006C15CF = {
						CreatedOnToolsVersion = 13.3;
						TestTargetID = 6599CB3627F5FA61006C15CF;
					};
					6599CB5627F5FA65006C15CF = {
						CreatedOnToolsVersion = 13.3;
						TestTargetID = 6599CB3627F5FA61006C15CF;
					};
				};
			};
			buildConfigurationList = 6599CB3227F5FA61006C15CF /* Build configuration list for PBXProject "CalculatorApp - cópia" */;
			compatibilityVersion = "Xcode 13.0";
			developmentRegion = en;
			hasScannedForEncodings = 0;
			knownRegions = (
				en,
				Base,
			);
			mainGroup = 6599CB2E27F5FA61006C15CF;
			productRefGroup = 6599CB3827F5FA61006C15CF /* Products */;
			projectDirPath = "";
			projectRoot = "";
			targets = (
				6599CB3627F5FA61006C15CF /* CalculatorApp */,
				6599CB4C27F5FA65006C15CF /* CalculatorAppTests */,
				6599CB5627F5FA65006C15CF /* CalculatorAppUITests */,
			);
		};
/* End PBXProject section */

/* Begin PBXResourcesBuildPhase section */
		6599CB3527F5FA61006C15CF /* Resources */ = {
			isa = PBXResourcesBuildPhase;
			buildActionMask = 2147483647;
			files = (
				6599CB4727F5FA65006C15CF /* LaunchScreen.storyboard in Resources */,
				6599CB4427F5FA65006C15CF /* Assets.xcassets in Resources */,
				6599CB4227F5FA61006C15CF /* Main.storyboard in Resources */,
			);
			runOnlyForDeploymentPostprocessing = 0;
		};
		6599CB4B27F5FA65006C15CF /* Resources */ = {
			isa = PBXResourcesBuildPhase;
			buildActionMask = 2147483647;
			files = (
			);
			runOnlyForDeploymentPostprocessing = 0;
		};
		6599CB5527F5FA65006C15CF /* Resources */ = {
			isa = PBXResourcesBuildPhase;
			buildActionMask = 2147483647;
			files = (
			);
			runOnlyForDeploymentPostprocessing = 0;
		};
/* End PBXResourcesBuildPhase section */

/* Begin PBXSourcesBuildPhase section */
		6599CB3327F5FA61006C15CF /* Sources */ = {
			isa = PBXSourcesBuildPhase;
			buildActionMask = 2147483647;
			files = (
				6599CB3F27F5FA61006C15CF /* ViewController.swift in Sources */,
				6599CB3B27F5FA61006C15CF /* AppDelegate.swift in Sources */,
				6599CB3D27F5FA61006C15CF /* SceneDelegate.swift in Sources */,
			);
			runOnlyForDeploymentPostprocessing = 0;
		};
		6599CB4927F5FA65006C15CF /* Sources */ = {
			isa = PBXSourcesBuildPhase;
			buildActionMask = 2147483647;
			files = (
				6599CB5227F5FA65006C15CF /* CalculatorAppTests.swift in Sources */,
			);
			runOnlyForDeploymentPostprocessing = 0;
		};
		6599CB5327F5FA65006C15CF /* Sources */ = {
			isa = PBXSourcesBuildPhase;
			buildActionMask = 2147483647;
			files = (
				6599CB5E27F5FA65006C15CF /* CalculatorAppUITestsLaunchTests.swift in Sources */,
				6599CB5C27F5FA65006C15CF /* CalculatorAppUITests.swift in Sources */,
			);
			runOnlyForDeploymentPostprocessing = 0;
		};
/* End PBXSourcesBuildPhase section */

/* Begin PBXTargetDependency section */
		6599CB4F27F5FA65006C15CF /* PBXTargetDependency */ = {
			isa = PBXTargetDependency;
			target = 6599CB3627F5FA61006C15CF /* CalculatorApp */;
			targetProxy = 6599CB4E27F5FA65006C15CF /* PBXContainerItemProxy */;
		};
		6599CB5927F5FA65006C15CF /* PBXTargetDependency */ = {
			isa = PBXTargetDependency;
			target = 6599CB3627F5FA61006C15CF /* CalculatorApp */;
			targetProxy = 6599CB5827F5FA65006C15CF /* PBXContainerItemProxy */;
		};
/* End PBXTargetDependency section */

/* Begin PBXVariantGroup section */
		6599CB4027F5FA61006C15CF /* Main.storyboard */ = {
			isa = PBXVariantGroup;
			children = (
				6599CB4127F5FA61006C15CF /* Base */,
			);
			name = Main.storyboard;
			sourceTree = "<group>";
		};
		6599CB4527F5FA65006C15CF /* LaunchScreen.storyboard */ = {
			isa = PBXVariantGroup;
			children = (
				6599CB4627F5FA65006C15CF /* Base */,
			);
			name = LaunchScreen.storyboard;
			sourceTree = "<group>";
		};
/* End PBXVariantGroup section */

/* Begin XCBuildConfiguration section */
		6599CB5F27F5FA65006C15CF /* Debug */ = {
			isa = XCBuildConfiguration;
			buildSettings = {
				ALWAYS_SEARCH_USER_PATHS = NO;
				CLANG_ANALYZER_NONNULL = YES;
				CLANG_ANALYZER_NUMBER_OBJECT_CONVERSION = YES_AGGRESSIVE;
				CLANG_CXX_LANGUAGE_STANDARD = "gnu++17";
				CLANG_ENABLE_MODULES = YES;
				CLANG_ENABLE_OBJC_ARC = YES;
				CLANG_ENABLE_OBJC_WEAK = YES;
				CLANG_WARN_BLOCK_CAPTURE_AUTORELEASING = YES;
				CLANG_WARN_BOOL_CONVERSION = YES;
				CLANG_WARN_COMMA = YES;
				CLANG_WARN_CONSTANT_CONVERSION = YES;
				CLANG_WARN_DEPRECATED_OBJC_IMPLEMENTATIONS = YES;
				CLANG_WARN_DIRECT_OBJC_ISA_USAGE = YES_ERROR;
				CLANG_WARN_DOCUMENTATION_COMMENTS = YES;
				CLANG_WARN_EMPTY_BODY = YES;
				CLANG_WARN_ENUM_CONVERSION = YES;
				CLANG_WARN_INFINITE_RECURSION = YES;
				CLANG_WARN_INT_CONVERSION = YES;
				CLANG_WARN_NON_LITERAL_NULL_CONVERSION = YES;
				CLANG_WARN_OBJC_IMPLICIT_RETAIN_SELF = YES;
				CLANG_WARN_OBJC_LITERAL_CONVERSION = YES;
				CLANG_WARN_OBJC_ROOT_CLASS = YES_ERROR;
				CLANG_WARN_QUOTED_INCLUDE_IN_FRAMEWORK_HEADER = YES;
				CLANG_WARN_RANGE_LOOP_ANALYSIS = YES;
				CLANG_WARN_STRICT_PROTOTYPES = YES;
				CLANG_WARN_SUSPICIOUS_MOVE = YES;
				CLANG_WARN_UNGUARDED_AVAILABILITY = YES_AGGRESSIVE;
				CLANG_WARN_UNREACHABLE_CODE = YES;
				CLANG_WARN__DUPLICATE_METHOD_MATCH = YES;
				COPY_PHASE_STRIP = NO;
				DEBUG_INFORMATION_FORMAT = dwarf;
				ENABLE_STRICT_OBJC_MSGSEND = YES;
				ENABLE_TESTABILITY = YES;
				GCC_C_LANGUAGE_STANDARD = gnu11;
				GCC_DYNAMIC_NO_PIC = NO;
				GCC_NO_COMMON_BLOCKS = YES;
				GCC_OPTIMIZATION_LEVEL = 0;
				GCC_PREPROCESSOR_DEFINITIONS = (
					"DEBUG=1",
					"$(inherited)",
				);
				GCC_WARN_64_TO_32_BIT_CONVERSION = YES;
				GCC_WARN_ABOUT_RETURN_TYPE = YES_ERROR;
				GCC_WARN_UNDECLARED_SELECTOR = YES;
				GCC_WARN_UNINITIALIZED_AUTOS = YES_AGGRESSIVE;
				GCC_WARN_UNUSED_FUNCTION = YES;
				GCC_WARN_UNUSED_VARIABLE = YES;
				IPHONEOS_DEPLOYMENT_TARGET = 15.4;
				MTL_ENABLE_DEBUG_INFO = INCLUDE_SOURCE;
				MTL_FAST_MATH = YES;
				ONLY_ACTIVE_ARCH = YES;
				SDKROOT = iphoneos;
				SWIFT_ACTIVE_COMPILATION_CONDITIONS = DEBUG;
				SWIFT_OPTIMIZATION_LEVEL = "-Onone";
			};
			name = Debug;
		};
		6599CB6027F5FA65006C15CF /* Release */ = {
			isa = XCBuildConfiguration;
			buildSettings = {
				ALWAYS_SEARCH_USER_PATHS = NO;
				CLANG_ANALYZER_NONNULL = YES;
				CLANG_ANALYZER_NUMBER_OBJECT_CONVERSION = YES_AGGRESSIVE;
				CLANG_CXX_LANGUAGE_STANDARD = "gnu++17";
				CLANG_ENABLE_MODULES = YES;
				CLANG_ENABLE_OBJC_ARC = YES;
				CLANG_ENABLE_OBJC_WEAK = YES;
				CLANG_WARN_BLOCK_CAPTURE_AUTORELEASING = YES;
				CLANG_WARN_BOOL_CONVERSION = YES;
				CLANG_WARN_COMMA = YES;
				CLANG_WARN_CONSTANT_CONVERSION = YES;
				CLANG_WARN_DEPRECATED_OBJC_IMPLEMENTATIONS = YES;
				CLANG_WARN_DIRECT_OBJC_ISA_USAGE = YES_ERROR;
				CLANG_WARN_DOCUMENTATION_COMMENTS = YES;
				CLANG_WARN_EMPTY_BODY = YES;
				CLANG_WARN_ENUM_CONVERSION = YES;
				CLANG_WARN_INFINITE_RECURSION = YES;
				CLANG_WARN_INT_CONVERSION = YES;
				CLANG_WARN_NON_LITERAL_NULL_CONVERSION = YES;
				CLANG_WARN_OBJC_IMPLICIT_RETAIN_SELF = YES;
				CLANG_WARN_OBJC_LITERAL_CONVERSION = YES;
				CLANG_WARN_OBJC_ROOT_CLASS = YES_ERROR;
				CLANG_WARN_QUOTED_INCLUDE_IN_FRAMEWORK_HEADER = YES;
				CLANG_WARN_RANGE_LOOP_ANALYSIS = YES;
				CLANG_WARN_STRICT_PROTOTYPES = YES;
				CLANG_WARN_SUSPICIOUS_MOVE = YES;
				CLANG_WARN_UNGUARDED_AVAILABILITY = YES_AGGRESSIVE;
				CLANG_WARN_UNREACHABLE_CODE = YES;
				CLANG_WARN__DUPLICATE_METHOD_MATCH = YES;
				COPY_PHASE_STRIP = NO;
				DEBUG_INFORMATION_FORMAT = "dwarf-with-dsym";
				ENABLE_NS_ASSERTIONS = NO;
				ENABLE_STRICT_OBJC_MSGSEND = YES;
				GCC_C_LANGUAGE_STANDARD = gnu11;
				GCC_NO_COMMON_BLOCKS = YES;
				GCC_WARN_64_TO_32_BIT_CONVERSION = YES;
				GCC_WARN_ABOUT_RETURN_TYPE = YES_ERROR;
				GCC_WARN_UNDECLARED_SELECTOR = YES;
				GCC_WARN_UNINITIALIZED_AUTOS = YES_AGGRESSIVE;
				GCC_WARN_UNUSED_FUNCTION = YES;
				GCC_WARN_UNUSED_VARIABLE = YES;
				IPHONEOS_DEPLOYMENT_TARGET = 15.4;
				MTL_ENABLE_DEBUG_INFO = NO;
				MTL_FAST_MATH = YES;
				SDKROOT = iphoneos;
				SWIFT_COMPILATION_MODE = wholemodule;
				SWIFT_OPTIMIZATION_LEVEL = "-O";
				VALIDATE_PRODUCT = YES;
			};
			name = Release;
		};
		6599CB6227F5FA65006C15CF /* Debug */ = {
			isa = XCBuildConfiguration;
			buildSettings = {
				ASSETCATALOG_COMPILER_APPICON_NAME = AppIcon;
				ASSETCATALOG_COMPILER_GLOBAL_ACCENT_COLOR_NAME = AccentColor;
				CODE_SIGN_STYLE = Automatic;
				CURRENT_PROJECT_VERSION = 1;
				GENERATE_INFOPLIST_FILE = YES;
				INFOPLIST_FILE = CalculatorApp/Info.plist;
				INFOPLIST_KEY_UIApplicationSupportsIndirectInputEvents = YES;
				INFOPLIST_KEY_UILaunchStoryboardName = LaunchScreen;
				INFOPLIST_KEY_UIMainStoryboardFile = Main;
				INFOPLIST_KEY_UISupportedInterfaceOrientations_iPad = "UIInterfaceOrientationPortrait UIInterfaceOrientationPortraitUpsideDown UIInterfaceOrientationLandscapeLeft UIInterfaceOrientationLandscapeRight";
				INFOPLIST_KEY_UISupportedInterfaceOrientations_iPhone = "UIInterfaceOrientationPortrait UIInterfaceOrientationLandscapeLeft UIInterfaceOrientationLandscapeRight";
				LD_RUNPATH_SEARCH_PATHS = (
					"$(inherited)",
					"@executable_path/Frameworks",
				);
				MARKETING_VERSION = 1.0;
				PRODUCT_BUNDLE_IDENTIFIER = com.gabrieldcc.CalculatorApp;
				PRODUCT_NAME = "$(TARGET_NAME)";
				SWIFT_EMIT_LOC_STRINGS = YES;
				SWIFT_VERSION = 5.0;
				TARGETED_DEVICE_FAMILY = "1,2";
			};
			name = Debug;
		};
		6599CB6327F5FA65006C15CF /* Release */ = {
			isa = XCBuildConfiguration;
			buildSettings = {
				ASSETCATALOG_COMPILER_APPICON_NAME = AppIcon;
				ASSETCATALOG_COMPILER_GLOBAL_ACCENT_COLOR_NAME = AccentColor;
				CODE_SIGN_STYLE = Automatic;
				CURRENT_PROJECT_VERSION = 1;
				GENERATE_INFOPLIST_FILE = YES;
				INFOPLIST_FILE = CalculatorApp/Info.plist;
				INFOPLIST_KEY_UIApplicationSupportsIndirectInputEvents = YES;
				INFOPLIST_KEY_UILaunchStoryboardName = LaunchScreen;
				INFOPLIST_KEY_UIMainStoryboardFile = Main;
				INFOPLIST_KEY_UISupportedInterfaceOrientations_iPad = "UIInterfaceOrientationPortrait UIInterfaceOrientationPortraitUpsideDown UIInterfaceOrientationLandscapeLeft UIInterfaceOrientationLandscapeRight";
				INFOPLIST_KEY_UISupportedInterfaceOrientations_iPhone = "UIInterfaceOrientationPortrait UIInterfaceOrientationLandscapeLeft UIInterfaceOrientationLandscapeRight";
				LD_RUNPATH_SEARCH_PATHS = (
					"$(inherited)",
					"@executable_path/Frameworks",
				);
				MARKETING_VERSION = 1.0;
				PRODUCT_BUNDLE_IDENTIFIER = com.gabrieldcc.CalculatorApp;
				PRODUCT_NAME = "$(TARGET_NAME)";
				SWIFT_EMIT_LOC_STRINGS = YES;
				SWIFT_VERSION = 5.0;
				TARGETED_DEVICE_FAMILY = "1,2";
			};
			name = Release;
		};
		6599CB6527F5FA65006C15CF /* Debug */ = {
			isa = XCBuildConfiguration;
			buildSettings = {
				ALWAYS_EMBED_SWIFT_STANDARD_LIBRARIES = YES;
				BUNDLE_LOADER = "$(TEST_HOST)";
				CODE_SIGN_STYLE = Automatic;
				CURRENT_PROJECT_VERSION = 1;
				GENERATE_INFOPLIST_FILE = YES;
				IPHONEOS_DEPLOYMENT_TARGET = 15.4;
				MARKETING_VERSION = 1.0;
				PRODUCT_BUNDLE_IDENTIFIER = com.gabrieldcc.CalculatorAppTests;
				PRODUCT_NAME = "$(TARGET_NAME)";
				SWIFT_EMIT_LOC_STRINGS = NO;
				SWIFT_VERSION = 5.0;
				TARGETED_DEVICE_FAMILY = "1,2";
				TEST_HOST = "$(BUILT_PRODUCTS_DIR)/CalculatorApp.app/CalculatorApp";
			};
			name = Debug;
		};
		6599CB6627F5FA65006C15CF /* Release */ = {
			isa = XCBuildConfiguration;
			buildSettings = {
				ALWAYS_EMBED_SWIFT_STANDARD_LIBRARIES = YES;
				BUNDLE_LOADER = "$(TEST_HOST)";
				CODE_SIGN_STYLE = Automatic;
				CURRENT_PROJECT_VERSION = 1;
				GENERATE_INFOPLIST_FILE = YES;
				IPHONEOS_DEPLOYMENT_TARGET = 15.4;
				MARKETING_VERSION = 1.0;
				PRODUCT_BUNDLE_IDENTIFIER = com.gabrieldcc.CalculatorAppTests;
				PRODUCT_NAME = "$(TARGET_NAME)";
				SWIFT_EMIT_LOC_STRINGS = NO;
				SWIFT_VERSION = 5.0;
				TARGETED_DEVICE_FAMILY = "1,2";
				TEST_HOST = "$(BUILT_PRODUCTS_DIR)/CalculatorApp.app/CalculatorApp";
			};
			name = Release;
		};
		6599CB6827F5FA65006C15CF /* Debug */ = {
			isa = XCBuildConfiguration;
			buildSettings = {
				ALWAYS_EMBED_SWIFT_STANDARD_LIBRARIES = YES;
				CODE_SIGN_STYLE = Automatic;
				CURRENT_PROJECT_VERSION = 1;
				GENERATE_INFOPLIST_FILE = YES;
				MARKETING_VERSION = 1.0;
				PRODUCT_BUNDLE_IDENTIFIER = com.gabrieldcc.CalculatorAppUITests;
				PRODUCT_NAME = "$(TARGET_NAME)";
				SWIFT_EMIT_LOC_STRINGS = NO;
				SWIFT_VERSION = 5.0;
				TARGETED_DEVICE_FAMILY = "1,2";
				TEST_TARGET_NAME = CalculatorApp;
			};
			name = Debug;
		};
		6599CB6927F5FA65006C15CF /* Release */ = {
			isa = XCBuildConfiguration;
			buildSettings = {
				ALWAYS_EMBED_SWIFT_STANDARD_LIBRARIES = YES;
				CODE_SIGN_STYLE = Automatic;
				CURRENT_PROJECT_VERSION = 1;
				GENERATE_INFOPLIST_FILE = YES;
				MARKETING_VERSION = 1.0;
				PRODUCT_BUNDLE_IDENTIFIER = com.gabrieldcc.CalculatorAppUITests;
				PRODUCT_NAME = "$(TARGET_NAME)";
				SWIFT_EMIT_LOC_STRINGS = NO;
				SWIFT_VERSION = 5.0;
				TARGETED_DEVICE_FAMILY = "1,2";
				TEST_TARGET_NAME = CalculatorApp;
			};
			name = Release;
		};
/* End XCBuildConfiguration section */

/* Begin XCConfigurationList section */
		6599CB3227F5FA61006C15CF /* Build configuration list for PBXProject "CalculatorApp - cópia" */ = {
			isa = XCConfigurationList;
			buildConfigurations = (
				6599CB5F27F5FA65006C15CF /* Debug */,
				6599CB6027F5FA65006C15CF /* Release */,
			);
			defaultConfigurationIsVisible = 0;
			defaultConfigurationName = Release;
		};
		6599CB6127F5FA65006C15CF /* Build configuration list for PBXNativeTarget "CalculatorApp" */ = {
			isa = XCConfigurationList;
			buildConfigurations = (
				6599CB6227F5FA65006C15CF /* Debug */,
				6599CB6327F5FA65006C15CF /* Release */,
			);
			defaultConfigurationIsVisible = 0;
			defaultConfigurationName = Release;
		};
		6599CB6427F5FA65006C15CF /* Build configuration list for PBXNativeTarget "CalculatorAppTests" */ = {
			isa = XCConfigurationList;
			buildConfigurations = (
				6599CB6527F5FA65006C15CF /* Debug */,
				6599CB6627F5FA65006C15CF /* Release */,
			);
			defaultConfigurationIsVisible = 0;
			defaultConfigurationName = Release;
		};
		6599CB6727F5FA65006C15CF /* Build configuration list for PBXNativeTarget "CalculatorAppUITests" */ = {
			isa = XCConfigurationList;
			buildConfigurations = (
				6599CB6827F5FA65006C15CF /* Debug */,
				6599CB6927F5FA65006C15CF /* Release */,
			);
			defaultConfigurationIsVisible = 0;
			defaultConfigurationName = Release;
		};
/* End XCConfigurationList section */
	};
	rootObject = 6599CB2F27F5FA61006C15CF /* Project object */;
}
